
Microsoft Visual Studio Solution File, Format Version 12.00
# Visual Studio Version 17
VisualStudioVersion = 17.7.34031.279
MinimumVisualStudioVersion = 10.0.40219.1
Project("{FAE04EC0-301F-11D3-BF4B-00C04F79EFBC}") = "WPFInstallerMock", "WPFInstallerMock\WPFInstallerMock.csproj", "{12B3A93C-EFE3-446C-9B32-E50857AB5A5E}"
EndProject
Project("{FAE04EC0-301F-11D3-BF4B-00C04F79EFBC}") = "MvvmWizard", "..\MvvmWizard\MvvmWizard\MvvmWizard.csproj", "{2576F748-0482-42E6-B16D-A1B8E2AF8C2F}"
EndProject
Global
	GlobalSection(SolutionConfigurationPlatforms) = preSolution
		Debug|Any CPU = Debug|Any CPU
		Debug|x64 = Debug|x64
		Release|Any CPU = Release|Any CPU
		Release|x64 = Release|x64
	EndGlobalSection
	GlobalSection(ProjectConfigurationPlatforms) = postSolution
		{12B3A93C-EFE3-446C-9B32-E50857AB5A5E}.Debug|Any CPU.ActiveCfg = Debug|Any CPU
		{12B3A93C-EFE3-446C-9B32-E50857AB5A5E}.Debug|Any CPU.Build.0 = Debug|Any CPU
		{12B3A93C-EFE3-446C-9B32-E50857AB5A5E}.Debug|x64.ActiveCfg = Debug|Any CPU
		{12B3A93C-EFE3-446C-9B32-E50857AB5A5E}.Debug|x64.Build.0 = Debug|Any CPU
		{12B3A93C-EFE3-446C-9B32-E50857AB5A5E}.Release|Any CPU.ActiveCfg = Release|Any CPU
		{12B3A93C-EFE3-446C-9B32-E50857AB5A5E}.Release|Any CPU.Build.0 = Release|Any CPU
		{12B3A93C-EFE3-446C-9B32-E50857AB5A5E}.Release|x64.ActiveCfg = Release|Any CPU
		{12B3A93C-EFE3-446C-9B32-E50857AB5A5E}.Release|x64.Build.0 = Release|Any CPU
		{2576F748-0482-42E6-B16D-A1B8E2AF8C2F}.Debug|Any CPU.ActiveCfg = Debug|Any CPU
		{2576F748-0482-42E6-B16D-A1B8E2AF8C2F}.Debug|Any CPU.Build.0 = Debug|Any CPU
		{2576F748-0482-42E6-B16D-A1B8E2AF8C2F}.Debug|x64.ActiveCfg = Debug|x64
		{2576F748-0482-42E6-B16D-A1B8E2AF8C2F}.Debug|x64.Build.0 = Debug|x64
		{2576F748-0482-42E6-B16D-A1B8E2AF8C2F}.Release|Any CPU.ActiveCfg = Release|Any CPU
		{2576F748-0482-42E6-B16D-A1B8E2AF8C2F}.Release|Any CPU.Build.0 = Release|Any CPU
		{2576F748-0482-42E6-B16D-A1B8E2AF8C2F}.Release|x64.ActiveCfg = Release|x64
		{2576F748-0482-42E6-B16D-A1B8E2AF8C2F}.Release|x64.Build.0 = Release|x64
	EndGlobalSection
	GlobalSection(SolutionProperties) = preSolution
		HideSolutionNode = FALSE
	EndGlobalSection
	GlobalSection(ExtensibilityGlobals) = postSolution
		SolutionGuid = {63BD0CFB-CBFD-4E83-AAFE-8CE313628412}
	EndGlobalSection
EndGlobal
