
Microsoft Visual Studio Solution File, Format Version 12.00
# Visual Studio Version 17
VisualStudioVersion = 17.7.34031.279
MinimumVisualStudioVersion = 10.0.40219.1
Project("{FAE04EC0-301F-11D3-BF4B-00C04F79EFBC}") = "WPFInstallerMock", "WPFInstallerMock\WPFInstallerMock.csproj", "{12B3A93C-EFE3-446C-9B32-E50857AB5A5E}"
EndProject
Global
	GlobalSection(SolutionConfigurationPlatforms) = preSolution
		Debug|Any CPU = Debug|Any CPU
		Release|Any CPU = Release|Any CPU
	EndGlobalSection
	GlobalSection(ProjectConfigurationPlatforms) = postSolution
		{12B3A93C-EFE3-446C-9B32-E50857AB5A5E}.Debug|Any CPU.ActiveCfg = Debug|Any CPU
		{12B3A93C-EFE3-446C-9B32-E50857AB5A5E}.Debug|Any CPU.Build.0 = Debug|Any CPU
		{12B3A93C-EFE3-446C-9B32-E50857AB5A5E}.Release|Any CPU.ActiveCfg = Release|Any CPU
		{12B3A93C-EFE3-446C-9B32-E50857AB5A5E}.Release|Any CPU.Build.0 = Release|Any CPU
	EndGlobalSection
	GlobalSection(SolutionProperties) = preSolution
		HideSolutionNode = FALSE
	EndGlobalSection
	GlobalSection(ExtensibilityGlobals) = postSolution
		SolutionGuid = {63BD0CFB-CBFD-4E83-AAFE-8CE313628412}
	EndGlobalSection
EndGlobal
